
Microsoft Visual Studio Solution File, Format Version 12.00
# Visual Studio Version 17
VisualStudioVersion = 17.8.34330.188
MinimumVisualStudioVersion = 10.0.40219.1
Project("{9A19103F-16F7-4668-BE54-9A1E7A4F7556}") = "EntertainmentApp.Domain", "EntertainmentApp.Domain\EntertainmentApp.Domain.csproj", "{583655E1-E198-48E4-B3B0-FF89CF985C77}"
EndProject
Project("{FAE04EC0-301F-11D3-BF4B-00C04F79EFBC}") = "EntertainmentApp.Application", "EntertainmentApp.Application\EntertainmentApp.Application.csproj", "{D9C23F50-F891-4837-8AE0-8D780F73AA6C}"
EndProject
Project("{FAE04EC0-301F-11D3-BF4B-00C04F79EFBC}") = "EntertainmentApp.Infrastructure", "EntertainmentApp.Infrastructure\EntertainmentApp.Infrastructure.csproj", "{F4746714-364B-4CCE-B96F-11D7B6E463A4}"
	ProjectSection(ProjectDependencies) = postProject
		{D9C23F50-F891-4837-8AE0-8D780F73AA6C} = {D9C23F50-F891-4837-8AE0-8D780F73AA6C}
	EndProjectSection
EndProject
Project("{FAE04EC0-301F-11D3-BF4B-00C04F79EFBC}") = "EntertainmentApp.WebUI", "EntertainmentApp.WebUI\EntertainmentApp.WebUI.csproj", "{C75FCFC4-7D6E-4715-93AB-BD6887B85804}"
	ProjectSection(ProjectDependencies) = postProject
		{D9C23F50-F891-4837-8AE0-8D780F73AA6C} = {D9C23F50-F891-4837-8AE0-8D780F73AA6C}
	EndProjectSection
EndProject
Global
	GlobalSection(SolutionConfigurationPlatforms) = preSolution
		Debug|Any CPU = Debug|Any CPU
		Release|Any CPU = Release|Any CPU
	EndGlobalSection
	GlobalSection(ProjectConfigurationPlatforms) = postSolution
		{583655E1-E198-48E4-B3B0-FF89CF985C77}.Debug|Any CPU.ActiveCfg = Debug|Any CPU
		{583655E1-E198-48E4-B3B0-FF89CF985C77}.Debug|Any CPU.Build.0 = Debug|Any CPU
		{583655E1-E198-48E4-B3B0-FF89CF985C77}.Release|Any CPU.ActiveCfg = Release|Any CPU
		{583655E1-E198-48E4-B3B0-FF89CF985C77}.Release|Any CPU.Build.0 = Release|Any CPU
		{D9C23F50-F891-4837-8AE0-8D780F73AA6C}.Debug|Any CPU.ActiveCfg = Debug|Any CPU
		{D9C23F50-F891-4837-8AE0-8D780F73AA6C}.Debug|Any CPU.Build.0 = Debug|Any CPU
		{D9C23F50-F891-4837-8AE0-8D780F73AA6C}.Release|Any CPU.ActiveCfg = Release|Any CPU
		{D9C23F50-F891-4837-8AE0-8D780F73AA6C}.Release|Any CPU.Build.0 = Release|Any CPU
		{F4746714-364B-4CCE-B96F-11D7B6E463A4}.Debug|Any CPU.ActiveCfg = Debug|Any CPU
		{F4746714-364B-4CCE-B96F-11D7B6E463A4}.Debug|Any CPU.Build.0 = Debug|Any CPU
		{F4746714-364B-4CCE-B96F-11D7B6E463A4}.Release|Any CPU.ActiveCfg = Release|Any CPU
		{F4746714-364B-4CCE-B96F-11D7B6E463A4}.Release|Any CPU.Build.0 = Release|Any CPU
		{C75FCFC4-7D6E-4715-93AB-BD6887B85804}.Debug|Any CPU.ActiveCfg = Debug|Any CPU
		{C75FCFC4-7D6E-4715-93AB-BD6887B85804}.Debug|Any CPU.Build.0 = Debug|Any CPU
		{C75FCFC4-7D6E-4715-93AB-BD6887B85804}.Release|Any CPU.ActiveCfg = Release|Any CPU
		{C75FCFC4-7D6E-4715-93AB-BD6887B85804}.Release|Any CPU.Build.0 = Release|Any CPU
	EndGlobalSection
	GlobalSection(SolutionProperties) = preSolution
		HideSolutionNode = FALSE
	EndGlobalSection
	GlobalSection(ExtensibilityGlobals) = postSolution
		SolutionGuid = {66F1F3B0-04FE-4069-A041-78AC508A4DC8}
	EndGlobalSection
EndGlobal
